
Microsoft Visual Studio Solution File, Format Version 12.00
# Visual Studio Version 16
VisualStudioVersion = 16.0.29215.179
MinimumVisualStudioVersion = 10.0.40219.1
Project("{FAE04EC0-301F-11D3-BF4B-00C04F79EFBC}") = "lab7", "lab7.csproj", "{33D1CB88-BD24-48A3-B114-73B137E1FBFC}"
EndProject
Global
	GlobalSection(SolutionConfigurationPlatforms) = preSolution
		Debug|Any CPU = Debug|Any CPU
		Release|Any CPU = Release|Any CPU
	EndGlobalSection
	GlobalSection(ProjectConfigurationPlatforms) = postSolution
		{33D1CB88-BD24-48A3-B114-73B137E1FBFC}.Debug|Any CPU.ActiveCfg = Debug|Any CPU
		{33D1CB88-BD24-48A3-B114-73B137E1FBFC}.Debug|Any CPU.Build.0 = Debug|Any CPU
		{33D1CB88-BD24-48A3-B114-73B137E1FBFC}.Release|Any CPU.ActiveCfg = Release|Any CPU
		{33D1CB88-BD24-48A3-B114-73B137E1FBFC}.Release|Any CPU.Build.0 = Release|Any CPU
	EndGlobalSection
	GlobalSection(SolutionProperties) = preSolution
		HideSolutionNode = FALSE
	EndGlobalSection
	GlobalSection(ExtensibilityGlobals) = postSolution
		SolutionGuid = {427F3E37-F07F-480E-BE60-D288DB13DF70}
	EndGlobalSection
EndGlobal
