
Microsoft Visual Studio Solution File, Format Version 12.00
# Visual Studio 15
VisualStudioVersion = 15.0.28307.757
MinimumVisualStudioVersion = 10.0.40219.1
Project("{FAE04EC0-301F-11D3-BF4B-00C04F79EFBC}") = "BooksApp", "BooksApp\BooksApp.csproj", "{FC95F97D-34FC-4A2F-93E1-2B92091E2931}"
EndProject
Global
	GlobalSection(SolutionConfigurationPlatforms) = preSolution
		Debug|Any CPU = Debug|Any CPU
		Release|Any CPU = Release|Any CPU
	EndGlobalSection
	GlobalSection(ProjectConfigurationPlatforms) = postSolution
		{FC95F97D-34FC-4A2F-93E1-2B92091E2931}.Debug|Any CPU.ActiveCfg = Debug|Any CPU
		{FC95F97D-34FC-4A2F-93E1-2B92091E2931}.Debug|Any CPU.Build.0 = Debug|Any CPU
		{FC95F97D-34FC-4A2F-93E1-2B92091E2931}.Release|Any CPU.ActiveCfg = Release|Any CPU
		{FC95F97D-34FC-4A2F-93E1-2B92091E2931}.Release|Any CPU.Build.0 = Release|Any CPU
	EndGlobalSection
	GlobalSection(SolutionProperties) = preSolution
		HideSolutionNode = FALSE
	EndGlobalSection
	GlobalSection(ExtensibilityGlobals) = postSolution
		SolutionGuid = {BCBF14E9-F130-4412-B423-4C938A417279}
	EndGlobalSection
EndGlobal
